
Microsoft Visual Studio Solution File, Format Version 12.00
# Visual Studio Version 17
VisualStudioVersion = 17.4.33205.214
MinimumVisualStudioVersion = 10.0.40219.1
Project("{888888A0-9F3D-457C-B088-3A5042F75D52}") = "Literal", "Literal.pyproj", "{E7852997-CB5B-434C-B33E-3652EB682296}"
EndProject
Global
	GlobalSection(SolutionConfigurationPlatforms) = preSolution
		Debug|Any CPU = Debug|Any CPU
		Release|Any CPU = Release|Any CPU
	EndGlobalSection
	GlobalSection(ProjectConfigurationPlatforms) = postSolution
		{E7852997-CB5B-434C-B33E-3652EB682296}.Debug|Any CPU.ActiveCfg = Debug|Any CPU
		{E7852997-CB5B-434C-B33E-3652EB682296}.Release|Any CPU.ActiveCfg = Release|Any CPU
	EndGlobalSection
	GlobalSection(SolutionProperties) = preSolution
		HideSolutionNode = FALSE
	EndGlobalSection
	GlobalSection(ExtensibilityGlobals) = postSolution
		SolutionGuid = {05527E8D-0511-4E0E-AF71-33C82F6743FF}
	EndGlobalSection
EndGlobal
